
Microsoft Visual Studio Solution File, Format Version 12.00
# Visual Studio 15
Project("{FAE04EC0-301F-11D3-BF4B-00C04F79EFBC}") = "Assembly-CSharp-firstpass", "Assembly-CSharp-firstpass.csproj", "{DD04075B-F5C0-7970-BCBE-A36B233459BA}"
EndProject
Project("{FAE04EC0-301F-11D3-BF4B-00C04F79EFBC}") = "Assembly-CSharp", "Assembly-CSharp.csproj", "{6F8CEAD7-033D-543E-2C2E-CD6FF5E3E8DA}"
EndProject
Project("{FAE04EC0-301F-11D3-BF4B-00C04F79EFBC}") = "Assembly-CSharp-Editor-firstpass", "Assembly-CSharp-Editor-firstpass.csproj", "{AF4AC346-474E-6758-EFFA-C8B5F24DBD38}"
EndProject
Global
	GlobalSection(SolutionConfigurationPlatforms) = preSolution
		Debug|Any CPU = Debug|Any CPU
		Release|Any CPU = Release|Any CPU
	EndGlobalSection
	GlobalSection(ProjectConfigurationPlatforms) = postSolution
		{DD04075B-F5C0-7970-BCBE-A36B233459BA}.Debug|Any CPU.ActiveCfg = Debug|Any CPU
		{DD04075B-F5C0-7970-BCBE-A36B233459BA}.Debug|Any CPU.Build.0 = Debug|Any CPU
		{DD04075B-F5C0-7970-BCBE-A36B233459BA}.Release|Any CPU.ActiveCfg = Release|Any CPU
		{DD04075B-F5C0-7970-BCBE-A36B233459BA}.Release|Any CPU.Build.0 = Release|Any CPU
		{6F8CEAD7-033D-543E-2C2E-CD6FF5E3E8DA}.Debug|Any CPU.ActiveCfg = Debug|Any CPU
		{6F8CEAD7-033D-543E-2C2E-CD6FF5E3E8DA}.Debug|Any CPU.Build.0 = Debug|Any CPU
		{6F8CEAD7-033D-543E-2C2E-CD6FF5E3E8DA}.Release|Any CPU.ActiveCfg = Release|Any CPU
		{6F8CEAD7-033D-543E-2C2E-CD6FF5E3E8DA}.Release|Any CPU.Build.0 = Release|Any CPU
		{AF4AC346-474E-6758-EFFA-C8B5F24DBD38}.Debug|Any CPU.ActiveCfg = Debug|Any CPU
		{AF4AC346-474E-6758-EFFA-C8B5F24DBD38}.Debug|Any CPU.Build.0 = Debug|Any CPU
		{AF4AC346-474E-6758-EFFA-C8B5F24DBD38}.Release|Any CPU.ActiveCfg = Release|Any CPU
		{AF4AC346-474E-6758-EFFA-C8B5F24DBD38}.Release|Any CPU.Build.0 = Release|Any CPU
	EndGlobalSection
	GlobalSection(SolutionProperties) = preSolution
		HideSolutionNode = FALSE
	EndGlobalSection
EndGlobal
