
Microsoft Visual Studio Solution File, Format Version 12.00
# Visual Studio 2017
Project("{FAE04EC0-301F-11D3-BF4B-00C04F79EFBC}") = "d03", "d03.csproj", "{4B368290-7DD8-6BA3-0185-021B911F241C}"
EndProject
Project("{FAE04EC0-301F-11D3-BF4B-00C04F79EFBC}") = "d03", "d03.csproj", "{4B368290-7DD8-6BA3-0185-021B911F241C}"
EndProject
Project("{FAE04EC0-301F-11D3-BF4B-00C04F79EFBC}") = "d03", "d03.csproj", "{4B368290-7DD8-6BA3-0185-021B911F241C}"
EndProject
Project("{FAE04EC0-301F-11D3-BF4B-00C04F79EFBC}") = "d03.Editor", "d03.Editor.csproj", "{9A7CE86D-0D12-EF0B-AA36-F5EF615E183A}"
EndProject
Project("{FAE04EC0-301F-11D3-BF4B-00C04F79EFBC}") = "d03.Editor", "d03.Editor.csproj", "{9A7CE86D-0D12-EF0B-AA36-F5EF615E183A}"
EndProject
Project("{FAE04EC0-301F-11D3-BF4B-00C04F79EFBC}") = "d03.Editor", "d03.Editor.csproj", "{9A7CE86D-0D12-EF0B-AA36-F5EF615E183A}"
EndProject
Project("{FAE04EC0-301F-11D3-BF4B-00C04F79EFBC}") = "d03.Editor", "d03.Editor.csproj", "{9A7CE86D-0D12-EF0B-AA36-F5EF615E183A}"
EndProject
Global
	GlobalSection(SolutionConfigurationPlatforms) = preSolution
		Debug|Any CPU = Debug|Any CPU
		Release|Any CPU = Release|Any CPU
	EndGlobalSection
	GlobalSection(ProjectConfigurationPlatforms) = postSolution
		{4B368290-7DD8-6BA3-0185-021B911F241C}.Debug|Any CPU.ActiveCfg = Debug|Any CPU
		{4B368290-7DD8-6BA3-0185-021B911F241C}.Debug|Any CPU.Build.0 = Debug|Any CPU
		{4B368290-7DD8-6BA3-0185-021B911F241C}.Release|Any CPU.ActiveCfg = Release|Any CPU
		{4B368290-7DD8-6BA3-0185-021B911F241C}.Release|Any CPU.Build.0 = Release|Any CPU
		{4B368290-7DD8-6BA3-0185-021B911F241C}.Debug|Any CPU.ActiveCfg = Debug|Any CPU
		{4B368290-7DD8-6BA3-0185-021B911F241C}.Debug|Any CPU.Build.0 = Debug|Any CPU
		{4B368290-7DD8-6BA3-0185-021B911F241C}.Release|Any CPU.ActiveCfg = Release|Any CPU
		{4B368290-7DD8-6BA3-0185-021B911F241C}.Release|Any CPU.Build.0 = Release|Any CPU
		{4B368290-7DD8-6BA3-0185-021B911F241C}.Debug|Any CPU.ActiveCfg = Debug|Any CPU
		{4B368290-7DD8-6BA3-0185-021B911F241C}.Debug|Any CPU.Build.0 = Debug|Any CPU
		{4B368290-7DD8-6BA3-0185-021B911F241C}.Release|Any CPU.ActiveCfg = Release|Any CPU
		{4B368290-7DD8-6BA3-0185-021B911F241C}.Release|Any CPU.Build.0 = Release|Any CPU
		{9A7CE86D-0D12-EF0B-AA36-F5EF615E183A}.Debug|Any CPU.ActiveCfg = Debug|Any CPU
		{9A7CE86D-0D12-EF0B-AA36-F5EF615E183A}.Debug|Any CPU.Build.0 = Debug|Any CPU
		{9A7CE86D-0D12-EF0B-AA36-F5EF615E183A}.Release|Any CPU.ActiveCfg = Release|Any CPU
		{9A7CE86D-0D12-EF0B-AA36-F5EF615E183A}.Release|Any CPU.Build.0 = Release|Any CPU
		{9A7CE86D-0D12-EF0B-AA36-F5EF615E183A}.Debug|Any CPU.ActiveCfg = Debug|Any CPU
		{9A7CE86D-0D12-EF0B-AA36-F5EF615E183A}.Debug|Any CPU.Build.0 = Debug|Any CPU
		{9A7CE86D-0D12-EF0B-AA36-F5EF615E183A}.Release|Any CPU.ActiveCfg = Release|Any CPU
		{9A7CE86D-0D12-EF0B-AA36-F5EF615E183A}.Release|Any CPU.Build.0 = Release|Any CPU
		{9A7CE86D-0D12-EF0B-AA36-F5EF615E183A}.Debug|Any CPU.ActiveCfg = Debug|Any CPU
		{9A7CE86D-0D12-EF0B-AA36-F5EF615E183A}.Debug|Any CPU.Build.0 = Debug|Any CPU
		{9A7CE86D-0D12-EF0B-AA36-F5EF615E183A}.Release|Any CPU.ActiveCfg = Release|Any CPU
		{9A7CE86D-0D12-EF0B-AA36-F5EF615E183A}.Release|Any CPU.Build.0 = Release|Any CPU
		{9A7CE86D-0D12-EF0B-AA36-F5EF615E183A}.Debug|Any CPU.ActiveCfg = Debug|Any CPU
		{9A7CE86D-0D12-EF0B-AA36-F5EF615E183A}.Debug|Any CPU.Build.0 = Debug|Any CPU
		{9A7CE86D-0D12-EF0B-AA36-F5EF615E183A}.Release|Any CPU.ActiveCfg = Release|Any CPU
		{9A7CE86D-0D12-EF0B-AA36-F5EF615E183A}.Release|Any CPU.Build.0 = Release|Any CPU
	EndGlobalSection
	GlobalSection(SolutionProperties) = preSolution
		HideSolutionNode = FALSE
	EndGlobalSection
EndGlobal
